// !$*UTF8*$!
{
	archiveVersion = 1;
	classes = {
	};
	objectVersion = 56;
	objects = {

/* Begin PBXBuildFile section */
		4B17951E2C3AAB1F00084062 /* MacSaverApp.swift in Sources */ = {isa = PBXBuildFile; fileRef = 4B17951D2C3AAB1F00084062 /* MacSaverApp.swift */; };
		4B1795202C3AAB1F00084062 /* ContentView.swift in Sources */ = {isa = PBXBuildFile; fileRef = 4B17951F2C3AAB1F00084062 /* ContentView.swift */; };
		4B1795242C3AAB2000084062 /* Assets.xcassets in Resources */ = {isa = PBXBuildFile; fileRef = 4B1795232C3AAB2000084062 /* Assets.xcassets */; };
		4B1795272C3AAB2000084062 /* Preview Assets.xcassets in Resources */ = {isa = PBXBuildFile; fileRef = 4B1795262C3AAB2000084062 /* Preview Assets.xcassets */; };
		4B1795322C3AAB2100084062 /* MacSaverTests.swift in Sources */ = {isa = PBXBuildFile; fileRef = 4B1795312C3AAB2100084062 /* MacSaverTests.swift */; };
		4B17953C2C3AAB2100084062 /* MacSaverUITests.swift in Sources */ = {isa = PBXBuildFile; fileRef = 4B17953B2C3AAB2100084062 /* MacSaverUITests.swift */; };
		4B17953E2C3AAB2100084062 /* MacSaverUITestsLaunchTests.swift in Sources */ = {isa = PBXBuildFile; fileRef = 4B17953D2C3AAB2100084062 /* MacSaverUITestsLaunchTests.swift */; };
		4B1795492C3AAB7000084062 /* Objects.swift in Sources */ = {isa = PBXBuildFile; fileRef = 4B1795482C3AAB7000084062 /* Objects.swift */; };
		4B17954B2C3AAC8700084062 /* budgets.swift in Sources */ = {isa = PBXBuildFile; fileRef = 4B17954A2C3AAC8700084062 /* budgets.swift */; };
		4B17954D2C3AACAE00084062 /* purchases.swift in Sources */ = {isa = PBXBuildFile; fileRef = 4B17954C2C3AACAE00084062 /* purchases.swift */; };
		4B3785242B9E3A5F00EE11EB /* Objects.swift in Sources */ = {isa = PBXBuildFile; fileRef = 4B3785232B9E3A5F00EE11EB /* Objects.swift */; };
		4B6E12F82B9C9C0600DCAFF5 /* showPurchases.swift in Sources */ = {isa = PBXBuildFile; fileRef = 4B6E12F72B9C9C0600DCAFF5 /* showPurchases.swift */; };
		4B9644792B59E82300A33DA4 /* SaverApp.swift in Sources */ = {isa = PBXBuildFile; fileRef = 4B9644782B59E82300A33DA4 /* SaverApp.swift */; };
		4B96447D2B59E82400A33DA4 /* Assets.xcassets in Resources */ = {isa = PBXBuildFile; fileRef = 4B96447C2B59E82400A33DA4 /* Assets.xcassets */; };
		4B9644802B59E82400A33DA4 /* Preview Assets.xcassets in Resources */ = {isa = PBXBuildFile; fileRef = 4B96447F2B59E82400A33DA4 /* Preview Assets.xcassets */; };
		4BBE4D052B5D2CF500EE70F5 /* mainPage.swift in Sources */ = {isa = PBXBuildFile; fileRef = 4BBE4D042B5D2CF500EE70F5 /* mainPage.swift */; };
		4BD422702C394B3A006EBCBE /* budgets.swift in Sources */ = {isa = PBXBuildFile; fileRef = 4BD4226F2C394B3A006EBCBE /* budgets.swift */; };
/* End PBXBuildFile section */

/* Begin PBXContainerItemProxy section */
		4B17952E2C3AAB2100084062 /* PBXContainerItemProxy */ = {
			isa = PBXContainerItemProxy;
			containerPortal = 4B96446D2B59E82300A33DA4 /* Project object */;
			proxyType = 1;
			remoteGlobalIDString = 4B17951A2C3AAB1F00084062;
			remoteInfo = MacSaver;
		};
		4B1795382C3AAB2100084062 /* PBXContainerItemProxy */ = {
			isa = PBXContainerItemProxy;
			containerPortal = 4B96446D2B59E82300A33DA4 /* Project object */;
			proxyType = 1;
			remoteGlobalIDString = 4B17951A2C3AAB1F00084062;
			remoteInfo = MacSaver;
		};
/* End PBXContainerItemProxy section */

/* Begin PBXFileReference section */
		4B17951B2C3AAB1F00084062 /* MacSaver.app */ = {isa = PBXFileReference; explicitFileType = wrapper.application; includeInIndex = 0; path = MacSaver.app; sourceTree = BUILT_PRODUCTS_DIR; };
		4B17951D2C3AAB1F00084062 /* MacSaverApp.swift */ = {isa = PBXFileReference; lastKnownFileType = sourcecode.swift; path = MacSaverApp.swift; sourceTree = "<group>"; };
		4B17951F2C3AAB1F00084062 /* ContentView.swift */ = {isa = PBXFileReference; lastKnownFileType = sourcecode.swift; path = ContentView.swift; sourceTree = "<group>"; };
		4B1795232C3AAB2000084062 /* Assets.xcassets */ = {isa = PBXFileReference; lastKnownFileType = folder.assetcatalog; path = Assets.xcassets; sourceTree = "<group>"; };
		4B1795262C3AAB2000084062 /* Preview Assets.xcassets */ = {isa = PBXFileReference; lastKnownFileType = folder.assetcatalog; path = "Preview Assets.xcassets"; sourceTree = "<group>"; };
		4B1795282C3AAB2000084062 /* MacSaver.entitlements */ = {isa = PBXFileReference; lastKnownFileType = text.plist.entitlements; path = MacSaver.entitlements; sourceTree = "<group>"; };
		4B17952D2C3AAB2100084062 /* MacSaverTests.xctest */ = {isa = PBXFileReference; explicitFileType = wrapper.cfbundle; includeInIndex = 0; path = MacSaverTests.xctest; sourceTree = BUILT_PRODUCTS_DIR; };
		4B1795312C3AAB2100084062 /* MacSaverTests.swift */ = {isa = PBXFileReference; lastKnownFileType = sourcecode.swift; path = MacSaverTests.swift; sourceTree = "<group>"; };
		4B1795372C3AAB2100084062 /* MacSaverUITests.xctest */ = {isa = PBXFileReference; explicitFileType = wrapper.cfbundle; includeInIndex = 0; path = MacSaverUITests.xctest; sourceTree = BUILT_PRODUCTS_DIR; };
		4B17953B2C3AAB2100084062 /* MacSaverUITests.swift */ = {isa = PBXFileReference; lastKnownFileType = sourcecode.swift; path = MacSaverUITests.swift; sourceTree = "<group>"; };
		4B17953D2C3AAB2100084062 /* MacSaverUITestsLaunchTests.swift */ = {isa = PBXFileReference; lastKnownFileType = sourcecode.swift; path = MacSaverUITestsLaunchTests.swift; sourceTree = "<group>"; };
		4B1795482C3AAB7000084062 /* Objects.swift */ = {isa = PBXFileReference; lastKnownFileType = sourcecode.swift; path = Objects.swift; sourceTree = "<group>"; };
		4B17954A2C3AAC8700084062 /* budgets.swift */ = {isa = PBXFileReference; lastKnownFileType = sourcecode.swift; path = budgets.swift; sourceTree = "<group>"; };
		4B17954C2C3AACAE00084062 /* purchases.swift */ = {isa = PBXFileReference; lastKnownFileType = sourcecode.swift; path = purchases.swift; sourceTree = "<group>"; };
		4B3785232B9E3A5F00EE11EB /* Objects.swift */ = {isa = PBXFileReference; fileEncoding = 4; lastKnownFileType = sourcecode.swift; path = Objects.swift; sourceTree = "<group>"; };
		4B6E12F72B9C9C0600DCAFF5 /* showPurchases.swift */ = {isa = PBXFileReference; lastKnownFileType = sourcecode.swift; path = showPurchases.swift; sourceTree = "<group>"; };
		4B9644752B59E82300A33DA4 /* Saver.app */ = {isa = PBXFileReference; explicitFileType = wrapper.application; includeInIndex = 0; path = Saver.app; sourceTree = BUILT_PRODUCTS_DIR; };
		4B9644782B59E82300A33DA4 /* SaverApp.swift */ = {isa = PBXFileReference; lastKnownFileType = sourcecode.swift; path = SaverApp.swift; sourceTree = "<group>"; };
		4B96447C2B59E82400A33DA4 /* Assets.xcassets */ = {isa = PBXFileReference; lastKnownFileType = folder.assetcatalog; path = Assets.xcassets; sourceTree = "<group>"; };
		4B96447F2B59E82400A33DA4 /* Preview Assets.xcassets */ = {isa = PBXFileReference; lastKnownFileType = folder.assetcatalog; path = "Preview Assets.xcassets"; sourceTree = "<group>"; };
		4B9644892B59E82400A33DA4 /* SaverTests.swift */ = {isa = PBXFileReference; lastKnownFileType = sourcecode.swift; path = SaverTests.swift; sourceTree = "<group>"; };
		4B9644932B59E82400A33DA4 /* SaverUITests.swift */ = {isa = PBXFileReference; lastKnownFileType = sourcecode.swift; path = SaverUITests.swift; sourceTree = "<group>"; };
		4B9644952B59E82400A33DA4 /* SaverUITestsLaunchTests.swift */ = {isa = PBXFileReference; lastKnownFileType = sourcecode.swift; path = SaverUITestsLaunchTests.swift; sourceTree = "<group>"; };
		4BBE4D042B5D2CF500EE70F5 /* mainPage.swift */ = {isa = PBXFileReference; fileEncoding = 4; lastKnownFileType = sourcecode.swift; path = mainPage.swift; sourceTree = "<group>"; };
		4BD4226F2C394B3A006EBCBE /* budgets.swift */ = {isa = PBXFileReference; lastKnownFileType = sourcecode.swift; path = budgets.swift; sourceTree = "<group>"; };
/* End PBXFileReference section */

/* Begin PBXFrameworksBuildPhase section */
		4B1795182C3AAB1F00084062 /* Frameworks */ = {
			isa = PBXFrameworksBuildPhase;
			buildActionMask = 2147483647;
			files = (
			);
			runOnlyForDeploymentPostprocessing = 0;
		};
		4B17952A2C3AAB2100084062 /* Frameworks */ = {
			isa = PBXFrameworksBuildPhase;
			buildActionMask = 2147483647;
			files = (
			);
			runOnlyForDeploymentPostprocessing = 0;
		};
		4B1795342C3AAB2100084062 /* Frameworks */ = {
			isa = PBXFrameworksBuildPhase;
			buildActionMask = 2147483647;
			files = (
			);
			runOnlyForDeploymentPostprocessing = 0;
		};
		4B9644722B59E82300A33DA4 /* Frameworks */ = {
			isa = PBXFrameworksBuildPhase;
			buildActionMask = 2147483647;
			files = (
			);
			runOnlyForDeploymentPostprocessing = 0;
		};
/* End PBXFrameworksBuildPhase section */

/* Begin PBXGroup section */
		4B17951C2C3AAB1F00084062 /* MacSaver */ = {
			isa = PBXGroup;
			children = (
				4B17951D2C3AAB1F00084062 /* MacSaverApp.swift */,
				4B17951F2C3AAB1F00084062 /* ContentView.swift */,
				4B17954A2C3AAC8700084062 /* budgets.swift */,
				4B1795482C3AAB7000084062 /* Objects.swift */,
				4B17954C2C3AACAE00084062 /* purchases.swift */,
				4B1795232C3AAB2000084062 /* Assets.xcassets */,
				4B1795282C3AAB2000084062 /* MacSaver.entitlements */,
				4B1795252C3AAB2000084062 /* Preview Content */,
			);
			path = MacSaver;
			sourceTree = "<group>";
		};
		4B1795252C3AAB2000084062 /* Preview Content */ = {
			isa = PBXGroup;
			children = (
				4B1795262C3AAB2000084062 /* Preview Assets.xcassets */,
			);
			path = "Preview Content";
			sourceTree = "<group>";
		};
		4B1795302C3AAB2100084062 /* MacSaverTests */ = {
			isa = PBXGroup;
			children = (
				4B1795312C3AAB2100084062 /* MacSaverTests.swift */,
			);
			path = MacSaverTests;
			sourceTree = "<group>";
		};
		4B17953A2C3AAB2100084062 /* MacSaverUITests */ = {
			isa = PBXGroup;
			children = (
				4B17953B2C3AAB2100084062 /* MacSaverUITests.swift */,
				4B17953D2C3AAB2100084062 /* MacSaverUITestsLaunchTests.swift */,
			);
			path = MacSaverUITests;
			sourceTree = "<group>";
		};
		4B96446C2B59E82300A33DA4 = {
			isa = PBXGroup;
			children = (
				4B9644772B59E82300A33DA4 /* Saver */,
				4B9644882B59E82400A33DA4 /* SaverTests */,
				4B9644922B59E82400A33DA4 /* SaverUITests */,
				4B17951C2C3AAB1F00084062 /* MacSaver */,
				4B1795302C3AAB2100084062 /* MacSaverTests */,
				4B17953A2C3AAB2100084062 /* MacSaverUITests */,
				4B9644762B59E82300A33DA4 /* Products */,
			);
			sourceTree = "<group>";
		};
		4B9644762B59E82300A33DA4 /* Products */ = {
			isa = PBXGroup;
			children = (
				4B9644752B59E82300A33DA4 /* Saver.app */,
				4B17951B2C3AAB1F00084062 /* MacSaver.app */,
				4B17952D2C3AAB2100084062 /* MacSaverTests.xctest */,
				4B1795372C3AAB2100084062 /* MacSaverUITests.xctest */,
			);
			name = Products;
			sourceTree = "<group>";
		};
		4B9644772B59E82300A33DA4 /* Saver */ = {
			isa = PBXGroup;
			children = (
				4B9644782B59E82300A33DA4 /* SaverApp.swift */,
				4B3785232B9E3A5F00EE11EB /* Objects.swift */,
				4BBE4D042B5D2CF500EE70F5 /* mainPage.swift */,
				4B6E12F72B9C9C0600DCAFF5 /* showPurchases.swift */,
				4BD4226F2C394B3A006EBCBE /* budgets.swift */,
				4B96447C2B59E82400A33DA4 /* Assets.xcassets */,
				4B96447E2B59E82400A33DA4 /* Preview Content */,
			);
			path = Saver;
			sourceTree = "<group>";
		};
		4B96447E2B59E82400A33DA4 /* Preview Content */ = {
			isa = PBXGroup;
			children = (
				4B96447F2B59E82400A33DA4 /* Preview Assets.xcassets */,
			);
			path = "Preview Content";
			sourceTree = "<group>";
		};
		4B9644882B59E82400A33DA4 /* SaverTests */ = {
			isa = PBXGroup;
			children = (
				4B9644892B59E82400A33DA4 /* SaverTests.swift */,
			);
			path = SaverTests;
			sourceTree = "<group>";
		};
		4B9644922B59E82400A33DA4 /* SaverUITests */ = {
			isa = PBXGroup;
			children = (
				4B9644932B59E82400A33DA4 /* SaverUITests.swift */,
				4B9644952B59E82400A33DA4 /* SaverUITestsLaunchTests.swift */,
			);
			path = SaverUITests;
			sourceTree = "<group>";
		};
/* End PBXGroup section */

/* Begin PBXNativeTarget section */
		4B17951A2C3AAB1F00084062 /* MacSaver */ = {
			isa = PBXNativeTarget;
			buildConfigurationList = 4B1795452C3AAB2100084062 /* Build configuration list for PBXNativeTarget "MacSaver" */;
			buildPhases = (
				4B1795172C3AAB1F00084062 /* Sources */,
				4B1795182C3AAB1F00084062 /* Frameworks */,
				4B1795192C3AAB1F00084062 /* Resources */,
			);
			buildRules = (
			);
			dependencies = (
			);
			name = MacSaver;
			productName = MacSaver;
			productReference = 4B17951B2C3AAB1F00084062 /* MacSaver.app */;
			productType = "com.apple.product-type.application";
		};
		4B17952C2C3AAB2100084062 /* MacSaverTests */ = {
			isa = PBXNativeTarget;
			buildConfigurationList = 4B1795462C3AAB2100084062 /* Build configuration list for PBXNativeTarget "MacSaverTests" */;
			buildPhases = (
				4B1795292C3AAB2100084062 /* Sources */,
				4B17952A2C3AAB2100084062 /* Frameworks */,
				4B17952B2C3AAB2100084062 /* Resources */,
			);
			buildRules = (
			);
			dependencies = (
				4B17952F2C3AAB2100084062 /* PBXTargetDependency */,
			);
			name = MacSaverTests;
			productName = MacSaverTests;
			productReference = 4B17952D2C3AAB2100084062 /* MacSaverTests.xctest */;
			productType = "com.apple.product-type.bundle.unit-test";
		};
		4B1795362C3AAB2100084062 /* MacSaverUITests */ = {
			isa = PBXNativeTarget;
			buildConfigurationList = 4B1795472C3AAB2100084062 /* Build configuration list for PBXNativeTarget "MacSaverUITests" */;
			buildPhases = (
				4B1795332C3AAB2100084062 /* Sources */,
				4B1795342C3AAB2100084062 /* Frameworks */,
				4B1795352C3AAB2100084062 /* Resources */,
			);
			buildRules = (
			);
			dependencies = (
				4B1795392C3AAB2100084062 /* PBXTargetDependency */,
			);
			name = MacSaverUITests;
			productName = MacSaverUITests;
			productReference = 4B1795372C3AAB2100084062 /* MacSaverUITests.xctest */;
			productType = "com.apple.product-type.bundle.ui-testing";
		};
		4B9644742B59E82300A33DA4 /* Saver */ = {
			isa = PBXNativeTarget;
			buildConfigurationList = 4B9644992B59E82400A33DA4 /* Build configuration list for PBXNativeTarget "Saver" */;
			buildPhases = (
				4B9644712B59E82300A33DA4 /* Sources */,
				4B9644722B59E82300A33DA4 /* Frameworks */,
				4B9644732B59E82300A33DA4 /* Resources */,
			);
			buildRules = (
			);
			dependencies = (
			);
			name = Saver;
			productName = Saver;
			productReference = 4B9644752B59E82300A33DA4 /* Saver.app */;
			productType = "com.apple.product-type.application";
		};
/* End PBXNativeTarget section */

/* Begin PBXProject section */
		4B96446D2B59E82300A33DA4 /* Project object */ = {
			isa = PBXProject;
			attributes = {
				BuildIndependentTargetsInParallel = 1;
				LastSwiftUpdateCheck = 1540;
				LastUpgradeCheck = 1520;
				TargetAttributes = {
					4B17951A2C3AAB1F00084062 = {
						CreatedOnToolsVersion = 15.4;
					};
					4B17952C2C3AAB2100084062 = {
						CreatedOnToolsVersion = 15.4;
						TestTargetID = 4B17951A2C3AAB1F00084062;
					};
					4B1795362C3AAB2100084062 = {
						CreatedOnToolsVersion = 15.4;
						TestTargetID = 4B17951A2C3AAB1F00084062;
					};
					4B9644742B59E82300A33DA4 = {
						CreatedOnToolsVersion = 15.2;
					};
				};
			};
			buildConfigurationList = 4B9644702B59E82300A33DA4 /* Build configuration list for PBXProject "Saver" */;
			compatibilityVersion = "Xcode 14.0";
			developmentRegion = en;
			hasScannedForEncodings = 0;
			knownRegions = (
				en,
				Base,
			);
			mainGroup = 4B96446C2B59E82300A33DA4;
			productRefGroup = 4B9644762B59E82300A33DA4 /* Products */;
			projectDirPath = "";
			projectRoot = "";
			targets = (
				4B9644742B59E82300A33DA4 /* Saver */,
				4B17951A2C3AAB1F00084062 /* MacSaver */,
				4B17952C2C3AAB2100084062 /* MacSaverTests */,
				4B1795362C3AAB2100084062 /* MacSaverUITests */,
			);
		};
/* End PBXProject section */

/* Begin PBXResourcesBuildPhase section */
		4B1795192C3AAB1F00084062 /* Resources */ = {
			isa = PBXResourcesBuildPhase;
			buildActionMask = 2147483647;
			files = (
				4B1795272C3AAB2000084062 /* Preview Assets.xcassets in Resources */,
				4B1795242C3AAB2000084062 /* Assets.xcassets in Resources */,
			);
			runOnlyForDeploymentPostprocessing = 0;
		};
		4B17952B2C3AAB2100084062 /* Resources */ = {
			isa = PBXResourcesBuildPhase;
			buildActionMask = 2147483647;
			files = (
			);
			runOnlyForDeploymentPostprocessing = 0;
		};
		4B1795352C3AAB2100084062 /* Resources */ = {
			isa = PBXResourcesBuildPhase;
			buildActionMask = 2147483647;
			files = (
			);
			runOnlyForDeploymentPostprocessing = 0;
		};
		4B9644732B59E82300A33DA4 /* Resources */ = {
			isa = PBXResourcesBuildPhase;
			buildActionMask = 2147483647;
			files = (
				4B9644802B59E82400A33DA4 /* Preview Assets.xcassets in Resources */,
				4B96447D2B59E82400A33DA4 /* Assets.xcassets in Resources */,
			);
			runOnlyForDeploymentPostprocessing = 0;
		};
/* End PBXResourcesBuildPhase section */

/* Begin PBXSourcesBuildPhase section */
		4B1795172C3AAB1F00084062 /* Sources */ = {
			isa = PBXSourcesBuildPhase;
			buildActionMask = 2147483647;
			files = (
				4B1795202C3AAB1F00084062 /* ContentView.swift in Sources */,
				4B17954D2C3AACAE00084062 /* purchases.swift in Sources */,
				4B17954B2C3AAC8700084062 /* budgets.swift in Sources */,
				4B1795492C3AAB7000084062 /* Objects.swift in Sources */,
				4B17951E2C3AAB1F00084062 /* MacSaverApp.swift in Sources */,
			);
			runOnlyForDeploymentPostprocessing = 0;
		};
		4B1795292C3AAB2100084062 /* Sources */ = {
			isa = PBXSourcesBuildPhase;
			buildActionMask = 2147483647;
			files = (
				4B1795322C3AAB2100084062 /* MacSaverTests.swift in Sources */,
			);
			runOnlyForDeploymentPostprocessing = 0;
		};
		4B1795332C3AAB2100084062 /* Sources */ = {
			isa = PBXSourcesBuildPhase;
			buildActionMask = 2147483647;
			files = (
				4B17953E2C3AAB2100084062 /* MacSaverUITestsLaunchTests.swift in Sources */,
				4B17953C2C3AAB2100084062 /* MacSaverUITests.swift in Sources */,
			);
			runOnlyForDeploymentPostprocessing = 0;
		};
		4B9644712B59E82300A33DA4 /* Sources */ = {
			isa = PBXSourcesBuildPhase;
			buildActionMask = 2147483647;
			files = (
				4B9644792B59E82300A33DA4 /* SaverApp.swift in Sources */,
				4B6E12F82B9C9C0600DCAFF5 /* showPurchases.swift in Sources */,
				4B3785242B9E3A5F00EE11EB /* Objects.swift in Sources */,
				4BD422702C394B3A006EBCBE /* budgets.swift in Sources */,
				4BBE4D052B5D2CF500EE70F5 /* mainPage.swift in Sources */,
			);
			runOnlyForDeploymentPostprocessing = 0;
		};
/* End PBXSourcesBuildPhase section */

/* Begin PBXTargetDependency section */
		4B17952F2C3AAB2100084062 /* PBXTargetDependency */ = {
			isa = PBXTargetDependency;
			target = 4B17951A2C3AAB1F00084062 /* MacSaver */;
			targetProxy = 4B17952E2C3AAB2100084062 /* PBXContainerItemProxy */;
		};
		4B1795392C3AAB2100084062 /* PBXTargetDependency */ = {
			isa = PBXTargetDependency;
			target = 4B17951A2C3AAB1F00084062 /* MacSaver */;
			targetProxy = 4B1795382C3AAB2100084062 /* PBXContainerItemProxy */;
		};
/* End PBXTargetDependency section */

/* Begin XCBuildConfiguration section */
		4B17953F2C3AAB2100084062 /* Debug */ = {
			isa = XCBuildConfiguration;
			buildSettings = {
				ASSETCATALOG_COMPILER_APPICON_NAME = AppIcon;
				ASSETCATALOG_COMPILER_GLOBAL_ACCENT_COLOR_NAME = AccentColor;
				ASSETCATALOG_COMPILER_INCLUDE_ALL_APPICON_ASSETS = YES;
				CODE_SIGN_ENTITLEMENTS = MacSaver/MacSaver.entitlements;
				CODE_SIGN_STYLE = Automatic;
				COMBINE_HIDPI_IMAGES = YES;
				CURRENT_PROJECT_VERSION = 1;
				DEVELOPMENT_ASSET_PATHS = "\"MacSaver/Preview Content\"";
				DEVELOPMENT_TEAM = Z4GFP4L28X;
				ENABLE_HARDENED_RUNTIME = YES;
				ENABLE_PREVIEWS = YES;
				GENERATE_INFOPLIST_FILE = YES;
				INFOPLIST_KEY_LSApplicationCategoryType = "public.app-category.lifestyle";
				INFOPLIST_KEY_NSHumanReadableCopyright = "";
				LD_RUNPATH_SEARCH_PATHS = (
					"$(inherited)",
					"@executable_path/../Frameworks",
				);
				MACOSX_DEPLOYMENT_TARGET = 14.5;
				MARKETING_VERSION = 1.0;
				PRODUCT_BUNDLE_IDENTIFIER = bwisniewski26.MacSaver;
				PRODUCT_NAME = "$(TARGET_NAME)";
				SDKROOT = macosx;
				SWIFT_EMIT_LOC_STRINGS = YES;
				SWIFT_VERSION = 5.0;
			};
			name = Debug;
		};
		4B1795402C3AAB2100084062 /* Release */ = {
			isa = XCBuildConfiguration;
			buildSettings = {
				ASSETCATALOG_COMPILER_APPICON_NAME = AppIcon;
				ASSETCATALOG_COMPILER_GLOBAL_ACCENT_COLOR_NAME = AccentColor;
				ASSETCATALOG_COMPILER_INCLUDE_ALL_APPICON_ASSETS = YES;
				CODE_SIGN_ENTITLEMENTS = MacSaver/MacSaver.entitlements;
				CODE_SIGN_STYLE = Automatic;
				COMBINE_HIDPI_IMAGES = YES;
				CURRENT_PROJECT_VERSION = 1;
				DEVELOPMENT_ASSET_PATHS = "\"MacSaver/Preview Content\"";
				DEVELOPMENT_TEAM = Z4GFP4L28X;
				ENABLE_HARDENED_RUNTIME = YES;
				ENABLE_PREVIEWS = YES;
				GENERATE_INFOPLIST_FILE = YES;
				INFOPLIST_KEY_LSApplicationCategoryType = "public.app-category.lifestyle";
				INFOPLIST_KEY_NSHumanReadableCopyright = "";
				LD_RUNPATH_SEARCH_PATHS = (
					"$(inherited)",
					"@executable_path/../Frameworks",
				);
				MACOSX_DEPLOYMENT_TARGET = 14.5;
				MARKETING_VERSION = 1.0;
				PRODUCT_BUNDLE_IDENTIFIER = bwisniewski26.MacSaver;
				PRODUCT_NAME = "$(TARGET_NAME)";
				SDKROOT = macosx;
				SWIFT_EMIT_LOC_STRINGS = YES;
				SWIFT_VERSION = 5.0;
			};
			name = Release;
		};
		4B1795412C3AAB2100084062 /* Debug */ = {
			isa = XCBuildConfiguration;
			buildSettings = {
				ALWAYS_EMBED_SWIFT_STANDARD_LIBRARIES = YES;
				BUNDLE_LOADER = "$(TEST_HOST)";
				CODE_SIGN_STYLE = Automatic;
				CURRENT_PROJECT_VERSION = 1;
				DEVELOPMENT_TEAM = Z4GFP4L28X;
				GENERATE_INFOPLIST_FILE = YES;
				MACOSX_DEPLOYMENT_TARGET = 14.5;
				MARKETING_VERSION = 1.0;
				PRODUCT_BUNDLE_IDENTIFIER = bwisniewski26.MacSaverTests;
				PRODUCT_NAME = "$(TARGET_NAME)";
				SDKROOT = macosx;
				SWIFT_EMIT_LOC_STRINGS = NO;
				SWIFT_VERSION = 5.0;
				TEST_HOST = "$(BUILT_PRODUCTS_DIR)/MacSaver.app/$(BUNDLE_EXECUTABLE_FOLDER_PATH)/MacSaver";
			};
			name = Debug;
		};
		4B1795422C3AAB2100084062 /* Release */ = {
			isa = XCBuildConfiguration;
			buildSettings = {
				ALWAYS_EMBED_SWIFT_STANDARD_LIBRARIES = YES;
				BUNDLE_LOADER = "$(TEST_HOST)";
				CODE_SIGN_STYLE = Automatic;
				CURRENT_PROJECT_VERSION = 1;
				DEVELOPMENT_TEAM = Z4GFP4L28X;
				GENERATE_INFOPLIST_FILE = YES;
				MACOSX_DEPLOYMENT_TARGET = 14.5;
				MARKETING_VERSION = 1.0;
				PRODUCT_BUNDLE_IDENTIFIER = bwisniewski26.MacSaverTests;
				PRODUCT_NAME = "$(TARGET_NAME)";
				SDKROOT = macosx;
				SWIFT_EMIT_LOC_STRINGS = NO;
				SWIFT_VERSION = 5.0;
				TEST_HOST = "$(BUILT_PRODUCTS_DIR)/MacSaver.app/$(BUNDLE_EXECUTABLE_FOLDER_PATH)/MacSaver";
			};
			name = Release;
		};
		4B1795432C3AAB2100084062 /* Debug */ = {
			isa = XCBuildConfiguration;
			buildSettings = {
				ALWAYS_EMBED_SWIFT_STANDARD_LIBRARIES = YES;
				CODE_SIGN_STYLE = Automatic;
				CURRENT_PROJECT_VERSION = 1;
				DEVELOPMENT_TEAM = Z4GFP4L28X;
				GENERATE_INFOPLIST_FILE = YES;
				MACOSX_DEPLOYMENT_TARGET = 14.5;
				MARKETING_VERSION = 1.0;
				PRODUCT_BUNDLE_IDENTIFIER = bwisniewski26.MacSaverUITests;
				PRODUCT_NAME = "$(TARGET_NAME)";
				SDKROOT = macosx;
				SWIFT_EMIT_LOC_STRINGS = NO;
				SWIFT_VERSION = 5.0;
				TEST_TARGET_NAME = MacSaver;
			};
			name = Debug;
		};
		4B1795442C3AAB2100084062 /* Release */ = {
			isa = XCBuildConfiguration;
			buildSettings = {
				ALWAYS_EMBED_SWIFT_STANDARD_LIBRARIES = YES;
				CODE_SIGN_STYLE = Automatic;
				CURRENT_PROJECT_VERSION = 1;
				DEVELOPMENT_TEAM = Z4GFP4L28X;
				GENERATE_INFOPLIST_FILE = YES;
				MACOSX_DEPLOYMENT_TARGET = 14.5;
				MARKETING_VERSION = 1.0;
				PRODUCT_BUNDLE_IDENTIFIER = bwisniewski26.MacSaverUITests;
				PRODUCT_NAME = "$(TARGET_NAME)";
				SDKROOT = macosx;
				SWIFT_EMIT_LOC_STRINGS = NO;
				SWIFT_VERSION = 5.0;
				TEST_TARGET_NAME = MacSaver;
			};
			name = Release;
		};
		4B9644972B59E82400A33DA4 /* Debug */ = {
			isa = XCBuildConfiguration;
			buildSettings = {
				ALWAYS_SEARCH_USER_PATHS = NO;
				ASSETCATALOG_COMPILER_GENERATE_SWIFT_ASSET_SYMBOL_EXTENSIONS = YES;
				CLANG_ANALYZER_NONNULL = YES;
				CLANG_ANALYZER_NUMBER_OBJECT_CONVERSION = YES_AGGRESSIVE;
				CLANG_CXX_LANGUAGE_STANDARD = "gnu++20";
				CLANG_ENABLE_MODULES = YES;
				CLANG_ENABLE_OBJC_ARC = YES;
				CLANG_ENABLE_OBJC_WEAK = YES;
				CLANG_WARN_BLOCK_CAPTURE_AUTORELEASING = YES;
				CLANG_WARN_BOOL_CONVERSION = YES;
				CLANG_WARN_COMMA = YES;
				CLANG_WARN_CONSTANT_CONVERSION = YES;
				CLANG_WARN_DEPRECATED_OBJC_IMPLEMENTATIONS = YES;
				CLANG_WARN_DIRECT_OBJC_ISA_USAGE = YES_ERROR;
				CLANG_WARN_DOCUMENTATION_COMMENTS = YES;
				CLANG_WARN_EMPTY_BODY = YES;
				CLANG_WARN_ENUM_CONVERSION = YES;
				CLANG_WARN_INFINITE_RECURSION = YES;
				CLANG_WARN_INT_CONVERSION = YES;
				CLANG_WARN_NON_LITERAL_NULL_CONVERSION = YES;
				CLANG_WARN_OBJC_IMPLICIT_RETAIN_SELF = YES;
				CLANG_WARN_OBJC_LITERAL_CONVERSION = YES;
				CLANG_WARN_OBJC_ROOT_CLASS = YES_ERROR;
				CLANG_WARN_QUOTED_INCLUDE_IN_FRAMEWORK_HEADER = YES;
				CLANG_WARN_RANGE_LOOP_ANALYSIS = YES;
				CLANG_WARN_STRICT_PROTOTYPES = YES;
				CLANG_WARN_SUSPICIOUS_MOVE = YES;
				CLANG_WARN_UNGUARDED_AVAILABILITY = YES_AGGRESSIVE;
				CLANG_WARN_UNREACHABLE_CODE = YES;
				CLANG_WARN__DUPLICATE_METHOD_MATCH = YES;
				COPY_PHASE_STRIP = NO;
				DEBUG_INFORMATION_FORMAT = dwarf;
				ENABLE_STRICT_OBJC_MSGSEND = YES;
				ENABLE_TESTABILITY = YES;
				ENABLE_USER_SCRIPT_SANDBOXING = YES;
				GCC_C_LANGUAGE_STANDARD = gnu17;
				GCC_DYNAMIC_NO_PIC = NO;
				GCC_NO_COMMON_BLOCKS = YES;
				GCC_OPTIMIZATION_LEVEL = 0;
				GCC_PREPROCESSOR_DEFINITIONS = (
					"DEBUG=1",
					"$(inherited)",
				);
				GCC_WARN_64_TO_32_BIT_CONVERSION = YES;
				GCC_WARN_ABOUT_RETURN_TYPE = YES_ERROR;
				GCC_WARN_UNDECLARED_SELECTOR = YES;
				GCC_WARN_UNINITIALIZED_AUTOS = YES_AGGRESSIVE;
				GCC_WARN_UNUSED_FUNCTION = YES;
				GCC_WARN_UNUSED_VARIABLE = YES;
				IPHONEOS_DEPLOYMENT_TARGET = 17.2;
				LOCALIZATION_PREFERS_STRING_CATALOGS = YES;
				MTL_ENABLE_DEBUG_INFO = INCLUDE_SOURCE;
				MTL_FAST_MATH = YES;
				ONLY_ACTIVE_ARCH = YES;
				SDKROOT = iphoneos;
				SWIFT_ACTIVE_COMPILATION_CONDITIONS = "DEBUG $(inherited)";
				SWIFT_OPTIMIZATION_LEVEL = "-Onone";
			};
			name = Debug;
		};
		4B9644982B59E82400A33DA4 /* Release */ = {
			isa = XCBuildConfiguration;
			buildSettings = {
				ALWAYS_SEARCH_USER_PATHS = NO;
				ASSETCATALOG_COMPILER_GENERATE_SWIFT_ASSET_SYMBOL_EXTENSIONS = YES;
				CLANG_ANALYZER_NONNULL = YES;
				CLANG_ANALYZER_NUMBER_OBJECT_CONVERSION = YES_AGGRESSIVE;
				CLANG_CXX_LANGUAGE_STANDARD = "gnu++20";
				CLANG_ENABLE_MODULES = YES;
				CLANG_ENABLE_OBJC_ARC = YES;
				CLANG_ENABLE_OBJC_WEAK = YES;
				CLANG_WARN_BLOCK_CAPTURE_AUTORELEASING = YES;
				CLANG_WARN_BOOL_CONVERSION = YES;
				CLANG_WARN_COMMA = YES;
				CLANG_WARN_CONSTANT_CONVERSION = YES;
				CLANG_WARN_DEPRECATED_OBJC_IMPLEMENTATIONS = YES;
				CLANG_WARN_DIRECT_OBJC_ISA_USAGE = YES_ERROR;
				CLANG_WARN_DOCUMENTATION_COMMENTS = YES;
				CLANG_WARN_EMPTY_BODY = YES;
				CLANG_WARN_ENUM_CONVERSION = YES;
				CLANG_WARN_INFINITE_RECURSION = YES;
				CLANG_WARN_INT_CONVERSION = YES;
				CLANG_WARN_NON_LITERAL_NULL_CONVERSION = YES;
				CLANG_WARN_OBJC_IMPLICIT_RETAIN_SELF = YES;
				CLANG_WARN_OBJC_LITERAL_CONVERSION = YES;
				CLANG_WARN_OBJC_ROOT_CLASS = YES_ERROR;
				CLANG_WARN_QUOTED_INCLUDE_IN_FRAMEWORK_HEADER = YES;
				CLANG_WARN_RANGE_LOOP_ANALYSIS = YES;
				CLANG_WARN_STRICT_PROTOTYPES = YES;
				CLANG_WARN_SUSPICIOUS_MOVE = YES;
				CLANG_WARN_UNGUARDED_AVAILABILITY = YES_AGGRESSIVE;
				CLANG_WARN_UNREACHABLE_CODE = YES;
				CLANG_WARN__DUPLICATE_METHOD_MATCH = YES;
				COPY_PHASE_STRIP = NO;
				DEBUG_INFORMATION_FORMAT = "dwarf-with-dsym";
				ENABLE_NS_ASSERTIONS = NO;
				ENABLE_STRICT_OBJC_MSGSEND = YES;
				ENABLE_USER_SCRIPT_SANDBOXING = YES;
				GCC_C_LANGUAGE_STANDARD = gnu17;
				GCC_NO_COMMON_BLOCKS = YES;
				GCC_WARN_64_TO_32_BIT_CONVERSION = YES;
				GCC_WARN_ABOUT_RETURN_TYPE = YES_ERROR;
				GCC_WARN_UNDECLARED_SELECTOR = YES;
				GCC_WARN_UNINITIALIZED_AUTOS = YES_AGGRESSIVE;
				GCC_WARN_UNUSED_FUNCTION = YES;
				GCC_WARN_UNUSED_VARIABLE = YES;
				IPHONEOS_DEPLOYMENT_TARGET = 17.2;
				LOCALIZATION_PREFERS_STRING_CATALOGS = YES;
				MTL_ENABLE_DEBUG_INFO = NO;
				MTL_FAST_MATH = YES;
				SDKROOT = iphoneos;
				SWIFT_COMPILATION_MODE = wholemodule;
				VALIDATE_PRODUCT = YES;
			};
			name = Release;
		};
		4B96449A2B59E82400A33DA4 /* Debug */ = {
			isa = XCBuildConfiguration;
			buildSettings = {
				ASSETCATALOG_COMPILER_APPICON_NAME = AppIcon;
				ASSETCATALOG_COMPILER_GLOBAL_ACCENT_COLOR_NAME = AccentColor;
				CODE_SIGN_STYLE = Automatic;
				CURRENT_PROJECT_VERSION = 1;
				DEVELOPMENT_ASSET_PATHS = "\"Saver/Preview Content\"";
				DEVELOPMENT_TEAM = Z4GFP4L28X;
				ENABLE_PREVIEWS = YES;
				GENERATE_INFOPLIST_FILE = YES;
				INFOPLIST_KEY_LSApplicationCategoryType = "public.app-category.lifestyle";
				INFOPLIST_KEY_UIApplicationSceneManifest_Generation = YES;
				INFOPLIST_KEY_UIApplicationSupportsIndirectInputEvents = YES;
				INFOPLIST_KEY_UILaunchScreen_Generation = YES;
				INFOPLIST_KEY_UISupportedInterfaceOrientations_iPad = "UIInterfaceOrientationPortrait UIInterfaceOrientationPortraitUpsideDown UIInterfaceOrientationLandscapeLeft UIInterfaceOrientationLandscapeRight";
				INFOPLIST_KEY_UISupportedInterfaceOrientations_iPhone = "UIInterfaceOrientationPortrait UIInterfaceOrientationLandscapeLeft UIInterfaceOrientationLandscapeRight";
				IPHONEOS_DEPLOYMENT_TARGET = 17.5;
				LD_RUNPATH_SEARCH_PATHS = (
					"$(inherited)",
					"@executable_path/Frameworks",
				);
				MARKETING_VERSION = 1.0;
				PRODUCT_BUNDLE_IDENTIFIER = bartekwisniewski.Saver;
				PRODUCT_NAME = "$(TARGET_NAME)";
				SWIFT_EMIT_LOC_STRINGS = YES;
				SWIFT_VERSION = 5.0;
				TARGETED_DEVICE_FAMILY = "1,2";
			};
			name = Debug;
		};
		4B96449B2B59E82400A33DA4 /* Release */ = {
			isa = XCBuildConfiguration;
			buildSettings = {
				ASSETCATALOG_COMPILER_APPICON_NAME = AppIcon;
				ASSETCATALOG_COMPILER_GLOBAL_ACCENT_COLOR_NAME = AccentColor;
				CODE_SIGN_STYLE = Automatic;
				CURRENT_PROJECT_VERSION = 1;
				DEVELOPMENT_ASSET_PATHS = "\"Saver/Preview Content\"";
				DEVELOPMENT_TEAM = Z4GFP4L28X;
				ENABLE_PREVIEWS = YES;
				GENERATE_INFOPLIST_FILE = YES;
				INFOPLIST_KEY_LSApplicationCategoryType = "public.app-category.lifestyle";
				INFOPLIST_KEY_UIApplicationSceneManifest_Generation = YES;
				INFOPLIST_KEY_UIApplicationSupportsIndirectInputEvents = YES;
				INFOPLIST_KEY_UILaunchScreen_Generation = YES;
				INFOPLIST_KEY_UISupportedInterfaceOrientations_iPad = "UIInterfaceOrientationPortrait UIInterfaceOrientationPortraitUpsideDown UIInterfaceOrientationLandscapeLeft UIInterfaceOrientationLandscapeRight";
				INFOPLIST_KEY_UISupportedInterfaceOrientations_iPhone = "UIInterfaceOrientationPortrait UIInterfaceOrientationLandscapeLeft UIInterfaceOrientationLandscapeRight";
				IPHONEOS_DEPLOYMENT_TARGET = 17.5;
				LD_RUNPATH_SEARCH_PATHS = (
					"$(inherited)",
					"@executable_path/Frameworks",
				);
				MARKETING_VERSION = 1.0;
				PRODUCT_BUNDLE_IDENTIFIER = bartekwisniewski.Saver;
				PRODUCT_NAME = "$(TARGET_NAME)";
				SWIFT_EMIT_LOC_STRINGS = YES;
				SWIFT_VERSION = 5.0;
				TARGETED_DEVICE_FAMILY = "1,2";
			};
			name = Release;
		};
/* End XCBuildConfiguration section */

/* Begin XCConfigurationList section */
		4B1795452C3AAB2100084062 /* Build configuration list for PBXNativeTarget "MacSaver" */ = {
			isa = XCConfigurationList;
			buildConfigurations = (
				4B17953F2C3AAB2100084062 /* Debug */,
				4B1795402C3AAB2100084062 /* Release */,
			);
			defaultConfigurationIsVisible = 0;
			defaultConfigurationName = Release;
		};
		4B1795462C3AAB2100084062 /* Build configuration list for PBXNativeTarget "MacSaverTests" */ = {
			isa = XCConfigurationList;
			buildConfigurations = (
				4B1795412C3AAB2100084062 /* Debug */,
				4B1795422C3AAB2100084062 /* Release */,
			);
			defaultConfigurationIsVisible = 0;
			defaultConfigurationName = Release;
		};
		4B1795472C3AAB2100084062 /* Build configuration list for PBXNativeTarget "MacSaverUITests" */ = {
			isa = XCConfigurationList;
			buildConfigurations = (
				4B1795432C3AAB2100084062 /* Debug */,
				4B1795442C3AAB2100084062 /* Release */,
			);
			defaultConfigurationIsVisible = 0;
			defaultConfigurationName = Release;
		};
		4B9644702B59E82300A33DA4 /* Build configuration list for PBXProject "Saver" */ = {
			isa = XCConfigurationList;
			buildConfigurations = (
				4B9644972B59E82400A33DA4 /* Debug */,
				4B9644982B59E82400A33DA4 /* Release */,
			);
			defaultConfigurationIsVisible = 0;
			defaultConfigurationName = Release;
		};
		4B9644992B59E82400A33DA4 /* Build configuration list for PBXNativeTarget "Saver" */ = {
			isa = XCConfigurationList;
			buildConfigurations = (
				4B96449A2B59E82400A33DA4 /* Debug */,
				4B96449B2B59E82400A33DA4 /* Release */,
			);
			defaultConfigurationIsVisible = 0;
			defaultConfigurationName = Release;
		};
/* End XCConfigurationList section */
	};
	rootObject = 4B96446D2B59E82300A33DA4 /* Project object */;
}
